
Microsoft Visual Studio Solution File, Format Version 12.00
# Visual Studio Version 17
VisualStudioVersion = 17.8.34511.84
MinimumVisualStudioVersion = 10.0.40219.1
Project("{9A19103F-16F7-4668-BE54-9A1E7A4F7556}") = "BencodeSharp", "BencodeSharp.csproj", "{9DEE16A8-8464-495E-8DF1-A0BB7BE7E4C6}"
EndProject
Project("{9A19103F-16F7-4668-BE54-9A1E7A4F7556}") = "BencodeSharp.Tests", "..\BencodeSharp.Tests\BencodeSharp.Tests.csproj", "{FEA5BF6F-0ACC-4A3B-B697-3F8F05C85792}"
EndProject
Project("{FAE04EC0-301F-11D3-BF4B-00C04F79EFBC}") = "BencodeSharp.Fuzz", "..\BencodeSharp.Fuzz\BencodeSharp.Fuzz.csproj", "{417CC513-2DC4-4D8E-A159-D66F47FEB3BA}"
EndProject
Global
	GlobalSection(SolutionConfigurationPlatforms) = preSolution
		Debug|Any CPU = Debug|Any CPU
		Debug|x64 = Debug|x64
		Release|Any CPU = Release|Any CPU
		Release|x64 = Release|x64
	EndGlobalSection
	GlobalSection(ProjectConfigurationPlatforms) = postSolution
		{9DEE16A8-8464-495E-8DF1-A0BB7BE7E4C6}.Debug|Any CPU.ActiveCfg = Debug|Any CPU
		{9DEE16A8-8464-495E-8DF1-A0BB7BE7E4C6}.Debug|Any CPU.Build.0 = Debug|Any CPU
		{9DEE16A8-8464-495E-8DF1-A0BB7BE7E4C6}.Debug|x64.ActiveCfg = Debug|x64
		{9DEE16A8-8464-495E-8DF1-A0BB7BE7E4C6}.Debug|x64.Build.0 = Debug|x64
		{9DEE16A8-8464-495E-8DF1-A0BB7BE7E4C6}.Release|Any CPU.ActiveCfg = Release|Any CPU
		{9DEE16A8-8464-495E-8DF1-A0BB7BE7E4C6}.Release|Any CPU.Build.0 = Release|Any CPU
		{9DEE16A8-8464-495E-8DF1-A0BB7BE7E4C6}.Release|x64.ActiveCfg = Release|x64
		{9DEE16A8-8464-495E-8DF1-A0BB7BE7E4C6}.Release|x64.Build.0 = Release|x64
		{FEA5BF6F-0ACC-4A3B-B697-3F8F05C85792}.Debug|Any CPU.ActiveCfg = Debug|Any CPU
		{FEA5BF6F-0ACC-4A3B-B697-3F8F05C85792}.Debug|Any CPU.Build.0 = Debug|Any CPU
		{FEA5BF6F-0ACC-4A3B-B697-3F8F05C85792}.Debug|x64.ActiveCfg = Debug|x64
		{FEA5BF6F-0ACC-4A3B-B697-3F8F05C85792}.Debug|x64.Build.0 = Debug|x64
		{FEA5BF6F-0ACC-4A3B-B697-3F8F05C85792}.Release|Any CPU.ActiveCfg = Release|Any CPU
		{FEA5BF6F-0ACC-4A3B-B697-3F8F05C85792}.Release|Any CPU.Build.0 = Release|Any CPU
		{FEA5BF6F-0ACC-4A3B-B697-3F8F05C85792}.Release|x64.ActiveCfg = Release|x64
		{FEA5BF6F-0ACC-4A3B-B697-3F8F05C85792}.Release|x64.Build.0 = Release|x64
		{417CC513-2DC4-4D8E-A159-D66F47FEB3BA}.Debug|Any CPU.ActiveCfg = Debug|Any CPU
		{417CC513-2DC4-4D8E-A159-D66F47FEB3BA}.Debug|Any CPU.Build.0 = Debug|Any CPU
		{417CC513-2DC4-4D8E-A159-D66F47FEB3BA}.Debug|x64.ActiveCfg = Debug|Any CPU
		{417CC513-2DC4-4D8E-A159-D66F47FEB3BA}.Debug|x64.Build.0 = Debug|Any CPU
		{417CC513-2DC4-4D8E-A159-D66F47FEB3BA}.Release|Any CPU.ActiveCfg = Release|Any CPU
		{417CC513-2DC4-4D8E-A159-D66F47FEB3BA}.Release|Any CPU.Build.0 = Release|Any CPU
		{417CC513-2DC4-4D8E-A159-D66F47FEB3BA}.Release|x64.ActiveCfg = Release|Any CPU
		{417CC513-2DC4-4D8E-A159-D66F47FEB3BA}.Release|x64.Build.0 = Release|Any CPU
	EndGlobalSection
	GlobalSection(SolutionProperties) = preSolution
		HideSolutionNode = FALSE
	EndGlobalSection
	GlobalSection(ExtensibilityGlobals) = postSolution
		SolutionGuid = {29E09873-DD4F-4705-9C6F-5014503C3C99}
	EndGlobalSection
EndGlobal
